
Microsoft Visual Studio Solution File, Format Version 12.00
# Visual Studio Version 17
VisualStudioVersion = 17.4.33213.308
MinimumVisualStudioVersion = 10.0.40219.1
Project("{888888A0-9F3D-457C-B088-3A5042F75D52}") = "Telegram Bot", "Telegram Bot\Telegram Bot.pyproj", "{947C4487-27A9-471E-A4DE-524322C1B803}"
EndProject
Global
	GlobalSection(SolutionConfigurationPlatforms) = preSolution
		Debug|Any CPU = Debug|Any CPU
		Release|Any CPU = Release|Any CPU
	EndGlobalSection
	GlobalSection(ProjectConfigurationPlatforms) = postSolution
		{947C4487-27A9-471E-A4DE-524322C1B803}.Debug|Any CPU.ActiveCfg = Debug|Any CPU
		{947C4487-27A9-471E-A4DE-524322C1B803}.Release|Any CPU.ActiveCfg = Release|Any CPU
	EndGlobalSection
	GlobalSection(SolutionProperties) = preSolution
		HideSolutionNode = FALSE
	EndGlobalSection
	GlobalSection(ExtensibilityGlobals) = postSolution
		SolutionGuid = {3C74080D-5159-4D1D-8C34-A78F15CDA574}
	EndGlobalSection
EndGlobal
